
Microsoft Visual Studio Solution File, Format Version 12.00
# Visual Studio Version 17
VisualStudioVersion = 17.2.32630.192
MinimumVisualStudioVersion = 10.0.40219.1
Project("{FAE04EC0-301F-11D3-BF4B-00C04F79EFBC}") = "Empwage", "Empwage\Empwage.csproj", "{998BADF3-948C-4451-A7B9-5BC933F9FFEA}"
EndProject
Global
	GlobalSection(SolutionConfigurationPlatforms) = preSolution
		Debug|Any CPU = Debug|Any CPU
		Release|Any CPU = Release|Any CPU
	EndGlobalSection
	GlobalSection(ProjectConfigurationPlatforms) = postSolution
		{998BADF3-948C-4451-A7B9-5BC933F9FFEA}.Debug|Any CPU.ActiveCfg = Debug|Any CPU
		{998BADF3-948C-4451-A7B9-5BC933F9FFEA}.Debug|Any CPU.Build.0 = Debug|Any CPU
		{998BADF3-948C-4451-A7B9-5BC933F9FFEA}.Release|Any CPU.ActiveCfg = Release|Any CPU
		{998BADF3-948C-4451-A7B9-5BC933F9FFEA}.Release|Any CPU.Build.0 = Release|Any CPU
	EndGlobalSection
	GlobalSection(SolutionProperties) = preSolution
		HideSolutionNode = FALSE
	EndGlobalSection
	GlobalSection(ExtensibilityGlobals) = postSolution
		SolutionGuid = {99CD49AF-4447-4D4A-B6B4-43A8E529B3B6}
	EndGlobalSection
EndGlobal
